
Microsoft Visual Studio Solution File, Format Version 12.00
# Visual Studio 15
Project("{FAE04EC0-301F-11D3-BF4B-00C04F79EFBC}") = "HelloASPDotNET", "HelloASPDotNET\HelloASPDotNET.csproj", "{CC03A044-DCE4-4A47-AF5F-A40141E22F28}"
EndProject
Global
	GlobalSection(SolutionConfigurationPlatforms) = preSolution
		Debug|Any CPU = Debug|Any CPU
		Release|Any CPU = Release|Any CPU
	EndGlobalSection
	GlobalSection(ProjectConfigurationPlatforms) = postSolution
		{CC03A044-DCE4-4A47-AF5F-A40141E22F28}.Debug|Any CPU.ActiveCfg = Debug|Any CPU
		{CC03A044-DCE4-4A47-AF5F-A40141E22F28}.Debug|Any CPU.Build.0 = Debug|Any CPU
		{CC03A044-DCE4-4A47-AF5F-A40141E22F28}.Release|Any CPU.ActiveCfg = Release|Any CPU
		{CC03A044-DCE4-4A47-AF5F-A40141E22F28}.Release|Any CPU.Build.0 = Release|Any CPU
	EndGlobalSection
EndGlobal
